{
  "name": "ltr",
  "version": "1.2.0",
  "lockfileVersion": 2,
  "requires": true,
  "packages": {
    "": {
      "name": "ltr",
      "version": "1.2.0",
      "license": "MIT",
      "dependencies": {
        "ltr": "^1.1.0",
        "opsh": "^1.1.0"
      },
      "bin": {
        "ltr": "index.js"
      }
    },
    "node_modules/ltr": {
      "version": "1.1.0",
      "resolved": "https://registry.npmjs.org/ltr/-/ltr-1.1.0.tgz",
      "integrity": "sha512-aEk9gxmW9OFVUR3Cf4tXQk9m5RN30pfQ6KusaKmeh05FaCq2YQZittvV4/24uoPaivItxhCq3Jzq04Yp5nqxOA==",
      "dependencies": {
        "opsh": "^1.1.0"
      },
      "bin": {
        "ltr": "index.js"
      }
    },
    "node_modules/opsh": {
      "version": "1.1.0",
      "resolved": "https://registry.npmjs.org/opsh/-/opsh-1.1.0.tgz",
      "integrity": "sha512-/i58I3LNrk9LP3AqzcMglX+vjZmuvYd031Hha4wmaB4NX+XTiYkBun9vj5VsTBCWpcVerKDezS+7d4zF0kDn+Q=="
    }
  },
  "dependencies": {
    "ltr": {
      "version": "1.1.0",
      "resolved": "https://registry.npmjs.org/ltr/-/ltr-1.1.0.tgz",
      "integrity": "sha512-aEk9gxmW9OFVUR3Cf4tXQk9m5RN30pfQ6KusaKmeh05FaCq2YQZittvV4/24uoPaivItxhCq3Jzq04Yp5nqxOA==",
      "requires": {
        "opsh": "^1.1.0"
      }
    },
    "opsh": {
      "version": "1.1.0",
      "resolved": "https://registry.npmjs.org/opsh/-/opsh-1.1.0.tgz",
      "integrity": "sha512-/i58I3LNrk9LP3AqzcMglX+vjZmuvYd031Hha4wmaB4NX+XTiYkBun9vj5VsTBCWpcVerKDezS+7d4zF0kDn+Q=="
    }
  }
}
